
Microsoft Visual Studio Solution File, Format Version 12.00
# Visual Studio Version 16
VisualStudioVersion = 16.0.33328.57
MinimumVisualStudioVersion = 10.0.40219.1
Project("{FAE04EC0-301F-11D3-BF4B-00C04F79EFBC}") = "Branches", "Branches\Branches.csproj", "{70EE2185-9EB0-49D7-8753-039B0C93EC62}"
EndProject
Project("{9A19103F-16F7-4668-BE54-9A1E7A4F7556}") = "CommandConsol", "D:\Project\CommandConsol\CommandConsol\CommandConsol.csproj", "{A7039A11-4BF2-4F12-AD21-AED21E164578}"
EndProject
Global
	GlobalSection(SolutionConfigurationPlatforms) = preSolution
		Debug|Any CPU = Debug|Any CPU
		Release|Any CPU = Release|Any CPU
	EndGlobalSection
	GlobalSection(ProjectConfigurationPlatforms) = postSolution
		{70EE2185-9EB0-49D7-8753-039B0C93EC62}.Debug|Any CPU.ActiveCfg = Debug|Any CPU
		{70EE2185-9EB0-49D7-8753-039B0C93EC62}.Debug|Any CPU.Build.0 = Debug|Any CPU
		{70EE2185-9EB0-49D7-8753-039B0C93EC62}.Release|Any CPU.ActiveCfg = Release|Any CPU
		{70EE2185-9EB0-49D7-8753-039B0C93EC62}.Release|Any CPU.Build.0 = Release|Any CPU
		{A7039A11-4BF2-4F12-AD21-AED21E164578}.Debug|Any CPU.ActiveCfg = Debug|Any CPU
		{A7039A11-4BF2-4F12-AD21-AED21E164578}.Debug|Any CPU.Build.0 = Debug|Any CPU
		{A7039A11-4BF2-4F12-AD21-AED21E164578}.Release|Any CPU.ActiveCfg = Release|Any CPU
		{A7039A11-4BF2-4F12-AD21-AED21E164578}.Release|Any CPU.Build.0 = Release|Any CPU
	EndGlobalSection
	GlobalSection(SolutionProperties) = preSolution
		HideSolutionNode = FALSE
	EndGlobalSection
	GlobalSection(ExtensibilityGlobals) = postSolution
		SolutionGuid = {641AACC1-B6D6-4C05-AC3A-E1002993F5D8}
	EndGlobalSection
EndGlobal
