
Microsoft Visual Studio Solution File, Format Version 12.00
# Visual Studio Version 16
VisualStudioVersion = 16.0.33328.57
MinimumVisualStudioVersion = 10.0.40219.1
Project("{FAE04EC0-301F-11D3-BF4B-00C04F79EFBC}") = "Informing", "Informing\Informing.csproj", "{C81AAAAD-E32E-4DA0-9900-BE5BE75271CF}"
EndProject
Project("{9A19103F-16F7-4668-BE54-9A1E7A4F7556}") = "CommandConsol", "D:\Project\CommandConsol\CommandConsol\CommandConsol.csproj", "{1D7F6774-A5D6-4763-BC34-5E98CFADF60B}"
EndProject
Global
	GlobalSection(SolutionConfigurationPlatforms) = preSolution
		Debug|Any CPU = Debug|Any CPU
		Release|Any CPU = Release|Any CPU
	EndGlobalSection
	GlobalSection(ProjectConfigurationPlatforms) = postSolution
		{C81AAAAD-E32E-4DA0-9900-BE5BE75271CF}.Debug|Any CPU.ActiveCfg = Debug|Any CPU
		{C81AAAAD-E32E-4DA0-9900-BE5BE75271CF}.Debug|Any CPU.Build.0 = Debug|Any CPU
		{C81AAAAD-E32E-4DA0-9900-BE5BE75271CF}.Release|Any CPU.ActiveCfg = Release|Any CPU
		{C81AAAAD-E32E-4DA0-9900-BE5BE75271CF}.Release|Any CPU.Build.0 = Release|Any CPU
		{1D7F6774-A5D6-4763-BC34-5E98CFADF60B}.Debug|Any CPU.ActiveCfg = Debug|Any CPU
		{1D7F6774-A5D6-4763-BC34-5E98CFADF60B}.Debug|Any CPU.Build.0 = Debug|Any CPU
		{1D7F6774-A5D6-4763-BC34-5E98CFADF60B}.Release|Any CPU.ActiveCfg = Release|Any CPU
		{1D7F6774-A5D6-4763-BC34-5E98CFADF60B}.Release|Any CPU.Build.0 = Release|Any CPU
	EndGlobalSection
	GlobalSection(SolutionProperties) = preSolution
		HideSolutionNode = FALSE
	EndGlobalSection
	GlobalSection(ExtensibilityGlobals) = postSolution
		SolutionGuid = {ED3AE9D6-0D64-406A-BEFE-F3EEB69B28D8}
	EndGlobalSection
EndGlobal
